
Microsoft Visual Studio Solution File, Format Version 11.00
# Visual Studio 2010
Project("{FAE04EC0-301F-11D3-BF4B-00C04F79EFBC}") = "GetItDone", "GetItDone\GetItDone.csproj", "{4E85D03C-4F6D-43F0-8848-8CFB11A566EE}"
EndProject
Project("{2150E333-8FDC-42A3-9474-1A3956D46DE8}") = "Solution Items", "Solution Items", "{ADED84C6-A71B-4C2E-ABCA-A1963670DD40}"
	ProjectSection(SolutionItems) = preProject
		GetItDone\Node.cs = GetItDone\Node.cs
	EndProjectSection
EndProject
Global
	GlobalSection(SolutionConfigurationPlatforms) = preSolution
		Debug|Any CPU = Debug|Any CPU
		Release|Any CPU = Release|Any CPU
	EndGlobalSection
	GlobalSection(ProjectConfigurationPlatforms) = postSolution
		{4E85D03C-4F6D-43F0-8848-8CFB11A566EE}.Debug|Any CPU.ActiveCfg = Debug|Any CPU
		{4E85D03C-4F6D-43F0-8848-8CFB11A566EE}.Debug|Any CPU.Build.0 = Debug|Any CPU
		{4E85D03C-4F6D-43F0-8848-8CFB11A566EE}.Debug|Any CPU.Deploy.0 = Debug|Any CPU
		{4E85D03C-4F6D-43F0-8848-8CFB11A566EE}.Release|Any CPU.ActiveCfg = Release|Any CPU
		{4E85D03C-4F6D-43F0-8848-8CFB11A566EE}.Release|Any CPU.Build.0 = Release|Any CPU
		{4E85D03C-4F6D-43F0-8848-8CFB11A566EE}.Release|Any CPU.Deploy.0 = Release|Any CPU
	EndGlobalSection
	GlobalSection(SolutionProperties) = preSolution
		HideSolutionNode = FALSE
	EndGlobalSection
EndGlobal
